
Microsoft Visual Studio Solution File, Format Version 12.00
# Visual Studio 15
VisualStudioVersion = 15.0.28010.2003
MinimumVisualStudioVersion = 10.0.40219.1
Project("{FAE04EC0-301F-11D3-BF4B-00C04F79EFBC}") = "MrBorrow.Api", "MrBorrow.Api\MrBorrow.Api.csproj", "{AFDFBEA1-3B34-4F18-ABA3-3314C8A14D8E}"
EndProject
Global
	GlobalSection(SolutionConfigurationPlatforms) = preSolution
		Debug|Any CPU = Debug|Any CPU
		Release|Any CPU = Release|Any CPU
	EndGlobalSection
	GlobalSection(ProjectConfigurationPlatforms) = postSolution
		{AFDFBEA1-3B34-4F18-ABA3-3314C8A14D8E}.Debug|Any CPU.ActiveCfg = Debug|Any CPU
		{AFDFBEA1-3B34-4F18-ABA3-3314C8A14D8E}.Debug|Any CPU.Build.0 = Debug|Any CPU
		{AFDFBEA1-3B34-4F18-ABA3-3314C8A14D8E}.Release|Any CPU.ActiveCfg = Release|Any CPU
		{AFDFBEA1-3B34-4F18-ABA3-3314C8A14D8E}.Release|Any CPU.Build.0 = Release|Any CPU
	EndGlobalSection
	GlobalSection(SolutionProperties) = preSolution
		HideSolutionNode = FALSE
	EndGlobalSection
	GlobalSection(ExtensibilityGlobals) = postSolution
		SolutionGuid = {0DBAC0A8-9A20-4CDA-9F00-6B05FE2DD02E}
	EndGlobalSection
EndGlobal
